
Microsoft Visual Studio Solution File, Format Version 12.00
# Visual Studio 15
VisualStudioVersion = 15.0.27130.2010
MinimumVisualStudioVersion = 10.0.40219.1
Project("{FAE04EC0-301F-11D3-BF4B-00C04F79EFBC}") = "ToDoList.Android", "ToDoList\ToDoList.Android\ToDoList.Android.csproj", "{354F675D-C308-4172-A262-677310183D7D}"
EndProject
Project("{FAE04EC0-301F-11D3-BF4B-00C04F79EFBC}") = "ToDoList.iOS", "ToDoList\ToDoList.iOS\ToDoList.iOS.csproj", "{3E2BC4E5-F5F9-4AF9-A089-25D2B92F50C7}"
EndProject
Project("{FAE04EC0-301F-11D3-BF4B-00C04F79EFBC}") = "ToDoList.UWP", "ToDoList\ToDoList.UWP\ToDoList.UWP.csproj", "{1152F892-20B3-4B14-9DD2-EFAD382809AE}"
EndProject
Project("{FAE04EC0-301F-11D3-BF4B-00C04F79EFBC}") = "ToDoList", "ToDoList\ToDoList\ToDoList.csproj", "{8E90F460-01E6-43CC-9DF9-4E876B1ECE97}"
EndProject
Global
	GlobalSection(SolutionConfigurationPlatforms) = preSolution
		Ad-Hoc|Any CPU = Ad-Hoc|Any CPU
		Ad-Hoc|ARM = Ad-Hoc|ARM
		Ad-Hoc|iPhone = Ad-Hoc|iPhone
		Ad-Hoc|iPhoneSimulator = Ad-Hoc|iPhoneSimulator
		Ad-Hoc|x64 = Ad-Hoc|x64
		Ad-Hoc|x86 = Ad-Hoc|x86
		AppStore|Any CPU = AppStore|Any CPU
		AppStore|ARM = AppStore|ARM
		AppStore|iPhone = AppStore|iPhone
		AppStore|iPhoneSimulator = AppStore|iPhoneSimulator
		AppStore|x64 = AppStore|x64
		AppStore|x86 = AppStore|x86
		Debug|Any CPU = Debug|Any CPU
		Debug|ARM = Debug|ARM
		Debug|iPhone = Debug|iPhone
		Debug|iPhoneSimulator = Debug|iPhoneSimulator
		Debug|x64 = Debug|x64
		Debug|x86 = Debug|x86
		Release|Any CPU = Release|Any CPU
		Release|ARM = Release|ARM
		Release|iPhone = Release|iPhone
		Release|iPhoneSimulator = Release|iPhoneSimulator
		Release|x64 = Release|x64
		Release|x86 = Release|x86
	EndGlobalSection
	GlobalSection(ProjectConfigurationPlatforms) = postSolution
		{354F675D-C308-4172-A262-677310183D7D}.Ad-Hoc|Any CPU.ActiveCfg = Release|Any CPU
		{354F675D-C308-4172-A262-677310183D7D}.Ad-Hoc|Any CPU.Build.0 = Release|Any CPU
		{354F675D-C308-4172-A262-677310183D7D}.Ad-Hoc|Any CPU.Deploy.0 = Release|Any CPU
		{354F675D-C308-4172-A262-677310183D7D}.Ad-Hoc|ARM.ActiveCfg = Release|Any CPU
		{354F675D-C308-4172-A262-677310183D7D}.Ad-Hoc|ARM.Build.0 = Release|Any CPU
		{354F675D-C308-4172-A262-677310183D7D}.Ad-Hoc|ARM.Deploy.0 = Release|Any CPU
		{354F675D-C308-4172-A262-677310183D7D}.Ad-Hoc|iPhone.ActiveCfg = Release|Any CPU
		{354F675D-C308-4172-A262-677310183D7D}.Ad-Hoc|iPhone.Build.0 = Release|Any CPU
		{354F675D-C308-4172-A262-677310183D7D}.Ad-Hoc|iPhone.Deploy.0 = Release|Any CPU
		{354F675D-C308-4172-A262-677310183D7D}.Ad-Hoc|iPhoneSimulator.ActiveCfg = Release|Any CPU
		{354F675D-C308-4172-A262-677310183D7D}.Ad-Hoc|iPhoneSimulator.Build.0 = Release|Any CPU
		{354F675D-C308-4172-A262-677310183D7D}.Ad-Hoc|iPhoneSimulator.Deploy.0 = Release|Any CPU
		{354F675D-C308-4172-A262-677310183D7D}.Ad-Hoc|x64.ActiveCfg = Release|Any CPU
		{354F675D-C308-4172-A262-677310183D7D}.Ad-Hoc|x64.Build.0 = Release|Any CPU
		{354F675D-C308-4172-A262-677310183D7D}.Ad-Hoc|x64.Deploy.0 = Release|Any CPU
		{354F675D-C308-4172-A262-677310183D7D}.Ad-Hoc|x86.ActiveCfg = Release|Any CPU
		{354F675D-C308-4172-A262-677310183D7D}.Ad-Hoc|x86.Build.0 = Release|Any CPU
		{354F675D-C308-4172-A262-677310183D7D}.Ad-Hoc|x86.Deploy.0 = Release|Any CPU
		{354F675D-C308-4172-A262-677310183D7D}.AppStore|Any CPU.ActiveCfg = Release|Any CPU
		{354F675D-C308-4172-A262-677310183D7D}.AppStore|Any CPU.Build.0 = Release|Any CPU
		{354F675D-C308-4172-A262-677310183D7D}.AppStore|Any CPU.Deploy.0 = Release|Any CPU
		{354F675D-C308-4172-A262-677310183D7D}.AppStore|ARM.ActiveCfg = Release|Any CPU
		{354F675D-C308-4172-A262-677310183D7D}.AppStore|ARM.Build.0 = Release|Any CPU
		{354F675D-C308-4172-A262-677310183D7D}.AppStore|ARM.Deploy.0 = Release|Any CPU
		{354F675D-C308-4172-A262-677310183D7D}.AppStore|iPhone.ActiveCfg = Release|Any CPU
		{354F675D-C308-4172-A262-677310183D7D}.AppStore|iPhone.Build.0 = Release|Any CPU
		{354F675D-C308-4172-A262-677310183D7D}.AppStore|iPhone.Deploy.0 = Release|Any CPU
		{354F675D-C308-4172-A262-677310183D7D}.AppStore|iPhoneSimulator.ActiveCfg = Release|Any CPU
		{354F675D-C308-4172-A262-677310183D7D}.AppStore|iPhoneSimulator.Build.0 = Release|Any CPU
		{354F675D-C308-4172-A262-677310183D7D}.AppStore|iPhoneSimulator.Deploy.0 = Release|Any CPU
		{354F675D-C308-4172-A262-677310183D7D}.AppStore|x64.ActiveCfg = Release|Any CPU
		{354F675D-C308-4172-A262-677310183D7D}.AppStore|x64.Build.0 = Release|Any CPU
		{354F675D-C308-4172-A262-677310183D7D}.AppStore|x64.Deploy.0 = Release|Any CPU
		{354F675D-C308-4172-A262-677310183D7D}.AppStore|x86.ActiveCfg = Release|Any CPU
		{354F675D-C308-4172-A262-677310183D7D}.AppStore|x86.Build.0 = Release|Any CPU
		{354F675D-C308-4172-A262-677310183D7D}.AppStore|x86.Deploy.0 = Release|Any CPU
		{354F675D-C308-4172-A262-677310183D7D}.Debug|Any CPU.ActiveCfg = Debug|Any CPU
		{354F675D-C308-4172-A262-677310183D7D}.Debug|Any CPU.Build.0 = Debug|Any CPU
		{354F675D-C308-4172-A262-677310183D7D}.Debug|Any CPU.Deploy.0 = Debug|Any CPU
		{354F675D-C308-4172-A262-677310183D7D}.Debug|ARM.ActiveCfg = Debug|Any CPU
		{354F675D-C308-4172-A262-677310183D7D}.Debug|ARM.Build.0 = Debug|Any CPU
		{354F675D-C308-4172-A262-677310183D7D}.Debug|ARM.Deploy.0 = Debug|Any CPU
		{354F675D-C308-4172-A262-677310183D7D}.Debug|iPhone.ActiveCfg = Debug|Any CPU
		{354F675D-C308-4172-A262-677310183D7D}.Debug|iPhone.Build.0 = Debug|Any CPU
		{354F675D-C308-4172-A262-677310183D7D}.Debug|iPhone.Deploy.0 = Debug|Any CPU
		{354F675D-C308-4172-A262-677310183D7D}.Debug|iPhoneSimulator.ActiveCfg = Debug|Any CPU
		{354F675D-C308-4172-A262-677310183D7D}.Debug|iPhoneSimulator.Build.0 = Debug|Any CPU
		{354F675D-C308-4172-A262-677310183D7D}.Debug|iPhoneSimulator.Deploy.0 = Debug|Any CPU
		{354F675D-C308-4172-A262-677310183D7D}.Debug|x64.ActiveCfg = Debug|Any CPU
		{354F675D-C308-4172-A262-677310183D7D}.Debug|x64.Build.0 = Debug|Any CPU
		{354F675D-C308-4172-A262-677310183D7D}.Debug|x64.Deploy.0 = Debug|Any CPU
		{354F675D-C308-4172-A262-677310183D7D}.Debug|x86.ActiveCfg = Debug|Any CPU
		{354F675D-C308-4172-A262-677310183D7D}.Debug|x86.Build.0 = Debug|Any CPU
		{354F675D-C308-4172-A262-677310183D7D}.Debug|x86.Deploy.0 = Debug|Any CPU
		{354F675D-C308-4172-A262-677310183D7D}.Release|Any CPU.ActiveCfg = Release|Any CPU
		{354F675D-C308-4172-A262-677310183D7D}.Release|Any CPU.Build.0 = Release|Any CPU
		{354F675D-C308-4172-A262-677310183D7D}.Release|Any CPU.Deploy.0 = Release|Any CPU
		{354F675D-C308-4172-A262-677310183D7D}.Release|ARM.ActiveCfg = Release|Any CPU
		{354F675D-C308-4172-A262-677310183D7D}.Release|ARM.Build.0 = Release|Any CPU
		{354F675D-C308-4172-A262-677310183D7D}.Release|ARM.Deploy.0 = Release|Any CPU
		{354F675D-C308-4172-A262-677310183D7D}.Release|iPhone.ActiveCfg = Release|Any CPU
		{354F675D-C308-4172-A262-677310183D7D}.Release|iPhone.Build.0 = Release|Any CPU
		{354F675D-C308-4172-A262-677310183D7D}.Release|iPhone.Deploy.0 = Release|Any CPU
		{354F675D-C308-4172-A262-677310183D7D}.Release|iPhoneSimulator.ActiveCfg = Release|Any CPU
		{354F675D-C308-4172-A262-677310183D7D}.Release|iPhoneSimulator.Build.0 = Release|Any CPU
		{354F675D-C308-4172-A262-677310183D7D}.Release|iPhoneSimulator.Deploy.0 = Release|Any CPU
		{354F675D-C308-4172-A262-677310183D7D}.Release|x64.ActiveCfg = Release|Any CPU
		{354F675D-C308-4172-A262-677310183D7D}.Release|x64.Build.0 = Release|Any CPU
		{354F675D-C308-4172-A262-677310183D7D}.Release|x64.Deploy.0 = Release|Any CPU
		{354F675D-C308-4172-A262-677310183D7D}.Release|x86.ActiveCfg = Release|Any CPU
		{354F675D-C308-4172-A262-677310183D7D}.Release|x86.Build.0 = Release|Any CPU
		{354F675D-C308-4172-A262-677310183D7D}.Release|x86.Deploy.0 = Release|Any CPU
		{3E2BC4E5-F5F9-4AF9-A089-25D2B92F50C7}.Ad-Hoc|Any CPU.ActiveCfg = Ad-Hoc|iPhone
		{3E2BC4E5-F5F9-4AF9-A089-25D2B92F50C7}.Ad-Hoc|ARM.ActiveCfg = Ad-Hoc|iPhone
		{3E2BC4E5-F5F9-4AF9-A089-25D2B92F50C7}.Ad-Hoc|iPhone.ActiveCfg = Ad-Hoc|iPhone
		{3E2BC4E5-F5F9-4AF9-A089-25D2B92F50C7}.Ad-Hoc|iPhone.Build.0 = Ad-Hoc|iPhone
		{3E2BC4E5-F5F9-4AF9-A089-25D2B92F50C7}.Ad-Hoc|iPhoneSimulator.ActiveCfg = Ad-Hoc|iPhoneSimulator
		{3E2BC4E5-F5F9-4AF9-A089-25D2B92F50C7}.Ad-Hoc|iPhoneSimulator.Build.0 = Ad-Hoc|iPhoneSimulator
		{3E2BC4E5-F5F9-4AF9-A089-25D2B92F50C7}.Ad-Hoc|x64.ActiveCfg = Ad-Hoc|iPhone
		{3E2BC4E5-F5F9-4AF9-A089-25D2B92F50C7}.Ad-Hoc|x86.ActiveCfg = Ad-Hoc|iPhone
		{3E2BC4E5-F5F9-4AF9-A089-25D2B92F50C7}.AppStore|Any CPU.ActiveCfg = AppStore|iPhone
		{3E2BC4E5-F5F9-4AF9-A089-25D2B92F50C7}.AppStore|ARM.ActiveCfg = AppStore|iPhone
		{3E2BC4E5-F5F9-4AF9-A089-25D2B92F50C7}.AppStore|iPhone.ActiveCfg = AppStore|iPhone
		{3E2BC4E5-F5F9-4AF9-A089-25D2B92F50C7}.AppStore|iPhone.Build.0 = AppStore|iPhone
		{3E2BC4E5-F5F9-4AF9-A089-25D2B92F50C7}.AppStore|iPhoneSimulator.ActiveCfg = AppStore|iPhoneSimulator
		{3E2BC4E5-F5F9-4AF9-A089-25D2B92F50C7}.AppStore|iPhoneSimulator.Build.0 = AppStore|iPhoneSimulator
		{3E2BC4E5-F5F9-4AF9-A089-25D2B92F50C7}.AppStore|x64.ActiveCfg = AppStore|iPhone
		{3E2BC4E5-F5F9-4AF9-A089-25D2B92F50C7}.AppStore|x86.ActiveCfg = AppStore|iPhone
		{3E2BC4E5-F5F9-4AF9-A089-25D2B92F50C7}.Debug|Any CPU.ActiveCfg = Debug|iPhone
		{3E2BC4E5-F5F9-4AF9-A089-25D2B92F50C7}.Debug|ARM.ActiveCfg = Debug|iPhone
		{3E2BC4E5-F5F9-4AF9-A089-25D2B92F50C7}.Debug|iPhone.ActiveCfg = Debug|iPhone
		{3E2BC4E5-F5F9-4AF9-A089-25D2B92F50C7}.Debug|iPhone.Build.0 = Debug|iPhone
		{3E2BC4E5-F5F9-4AF9-A089-25D2B92F50C7}.Debug|iPhoneSimulator.ActiveCfg = Debug|iPhoneSimulator
		{3E2BC4E5-F5F9-4AF9-A089-25D2B92F50C7}.Debug|iPhoneSimulator.Build.0 = Debug|iPhoneSimulator
		{3E2BC4E5-F5F9-4AF9-A089-25D2B92F50C7}.Debug|x64.ActiveCfg = Debug|iPhone
		{3E2BC4E5-F5F9-4AF9-A089-25D2B92F50C7}.Debug|x86.ActiveCfg = Debug|iPhone
		{3E2BC4E5-F5F9-4AF9-A089-25D2B92F50C7}.Release|Any CPU.ActiveCfg = Release|iPhone
		{3E2BC4E5-F5F9-4AF9-A089-25D2B92F50C7}.Release|ARM.ActiveCfg = Release|iPhone
		{3E2BC4E5-F5F9-4AF9-A089-25D2B92F50C7}.Release|iPhone.ActiveCfg = Release|iPhone
		{3E2BC4E5-F5F9-4AF9-A089-25D2B92F50C7}.Release|iPhone.Build.0 = Release|iPhone
		{3E2BC4E5-F5F9-4AF9-A089-25D2B92F50C7}.Release|iPhoneSimulator.ActiveCfg = Release|iPhoneSimulator
		{3E2BC4E5-F5F9-4AF9-A089-25D2B92F50C7}.Release|iPhoneSimulator.Build.0 = Release|iPhoneSimulator
		{3E2BC4E5-F5F9-4AF9-A089-25D2B92F50C7}.Release|x64.ActiveCfg = Release|iPhone
		{3E2BC4E5-F5F9-4AF9-A089-25D2B92F50C7}.Release|x86.ActiveCfg = Release|iPhone
		{1152F892-20B3-4B14-9DD2-EFAD382809AE}.Ad-Hoc|Any CPU.ActiveCfg = Release|x86
		{1152F892-20B3-4B14-9DD2-EFAD382809AE}.Ad-Hoc|Any CPU.Build.0 = Release|x86
		{1152F892-20B3-4B14-9DD2-EFAD382809AE}.Ad-Hoc|Any CPU.Deploy.0 = Release|x86
		{1152F892-20B3-4B14-9DD2-EFAD382809AE}.Ad-Hoc|ARM.ActiveCfg = Release|ARM
		{1152F892-20B3-4B14-9DD2-EFAD382809AE}.Ad-Hoc|ARM.Build.0 = Release|ARM
		{1152F892-20B3-4B14-9DD2-EFAD382809AE}.Ad-Hoc|ARM.Deploy.0 = Release|ARM
		{1152F892-20B3-4B14-9DD2-EFAD382809AE}.Ad-Hoc|iPhone.ActiveCfg = Release|x86
		{1152F892-20B3-4B14-9DD2-EFAD382809AE}.Ad-Hoc|iPhone.Build.0 = Release|x86
		{1152F892-20B3-4B14-9DD2-EFAD382809AE}.Ad-Hoc|iPhone.Deploy.0 = Release|x86
		{1152F892-20B3-4B14-9DD2-EFAD382809AE}.Ad-Hoc|iPhoneSimulator.ActiveCfg = Release|x86
		{1152F892-20B3-4B14-9DD2-EFAD382809AE}.Ad-Hoc|iPhoneSimulator.Build.0 = Release|x86
		{1152F892-20B3-4B14-9DD2-EFAD382809AE}.Ad-Hoc|iPhoneSimulator.Deploy.0 = Release|x86
		{1152F892-20B3-4B14-9DD2-EFAD382809AE}.Ad-Hoc|x64.ActiveCfg = Release|x64
		{1152F892-20B3-4B14-9DD2-EFAD382809AE}.Ad-Hoc|x64.Build.0 = Release|x64
		{1152F892-20B3-4B14-9DD2-EFAD382809AE}.Ad-Hoc|x64.Deploy.0 = Release|x64
		{1152F892-20B3-4B14-9DD2-EFAD382809AE}.Ad-Hoc|x86.ActiveCfg = Release|x86
		{1152F892-20B3-4B14-9DD2-EFAD382809AE}.Ad-Hoc|x86.Build.0 = Release|x86
		{1152F892-20B3-4B14-9DD2-EFAD382809AE}.Ad-Hoc|x86.Deploy.0 = Release|x86
		{1152F892-20B3-4B14-9DD2-EFAD382809AE}.AppStore|Any CPU.ActiveCfg = Release|x86
		{1152F892-20B3-4B14-9DD2-EFAD382809AE}.AppStore|Any CPU.Build.0 = Release|x86
		{1152F892-20B3-4B14-9DD2-EFAD382809AE}.AppStore|Any CPU.Deploy.0 = Release|x86
		{1152F892-20B3-4B14-9DD2-EFAD382809AE}.AppStore|ARM.ActiveCfg = Release|ARM
		{1152F892-20B3-4B14-9DD2-EFAD382809AE}.AppStore|ARM.Build.0 = Release|ARM
		{1152F892-20B3-4B14-9DD2-EFAD382809AE}.AppStore|ARM.Deploy.0 = Release|ARM
		{1152F892-20B3-4B14-9DD2-EFAD382809AE}.AppStore|iPhone.ActiveCfg = Release|x86
		{1152F892-20B3-4B14-9DD2-EFAD382809AE}.AppStore|iPhone.Build.0 = Release|x86
		{1152F892-20B3-4B14-9DD2-EFAD382809AE}.AppStore|iPhone.Deploy.0 = Release|x86
		{1152F892-20B3-4B14-9DD2-EFAD382809AE}.AppStore|iPhoneSimulator.ActiveCfg = Release|x86
		{1152F892-20B3-4B14-9DD2-EFAD382809AE}.AppStore|iPhoneSimulator.Build.0 = Release|x86
		{1152F892-20B3-4B14-9DD2-EFAD382809AE}.AppStore|iPhoneSimulator.Deploy.0 = Release|x86
		{1152F892-20B3-4B14-9DD2-EFAD382809AE}.AppStore|x64.ActiveCfg = Release|x64
		{1152F892-20B3-4B14-9DD2-EFAD382809AE}.AppStore|x64.Build.0 = Release|x64
		{1152F892-20B3-4B14-9DD2-EFAD382809AE}.AppStore|x64.Deploy.0 = Release|x64
		{1152F892-20B3-4B14-9DD2-EFAD382809AE}.AppStore|x86.ActiveCfg = Release|x86
		{1152F892-20B3-4B14-9DD2-EFAD382809AE}.AppStore|x86.Build.0 = Release|x86
		{1152F892-20B3-4B14-9DD2-EFAD382809AE}.AppStore|x86.Deploy.0 = Release|x86
		{1152F892-20B3-4B14-9DD2-EFAD382809AE}.Debug|Any CPU.ActiveCfg = Debug|x86
		{1152F892-20B3-4B14-9DD2-EFAD382809AE}.Debug|ARM.ActiveCfg = Debug|ARM
		{1152F892-20B3-4B14-9DD2-EFAD382809AE}.Debug|ARM.Build.0 = Debug|ARM
		{1152F892-20B3-4B14-9DD2-EFAD382809AE}.Debug|ARM.Deploy.0 = Debug|ARM
		{1152F892-20B3-4B14-9DD2-EFAD382809AE}.Debug|iPhone.ActiveCfg = Debug|x86
		{1152F892-20B3-4B14-9DD2-EFAD382809AE}.Debug|iPhoneSimulator.ActiveCfg = Debug|x86
		{1152F892-20B3-4B14-9DD2-EFAD382809AE}.Debug|x64.ActiveCfg = Debug|x64
		{1152F892-20B3-4B14-9DD2-EFAD382809AE}.Debug|x64.Build.0 = Debug|x64
		{1152F892-20B3-4B14-9DD2-EFAD382809AE}.Debug|x64.Deploy.0 = Debug|x64
		{1152F892-20B3-4B14-9DD2-EFAD382809AE}.Debug|x86.ActiveCfg = Debug|x86
		{1152F892-20B3-4B14-9DD2-EFAD382809AE}.Debug|x86.Build.0 = Debug|x86
		{1152F892-20B3-4B14-9DD2-EFAD382809AE}.Debug|x86.Deploy.0 = Debug|x86
		{1152F892-20B3-4B14-9DD2-EFAD382809AE}.Release|Any CPU.ActiveCfg = Release|x86
		{1152F892-20B3-4B14-9DD2-EFAD382809AE}.Release|ARM.ActiveCfg = Release|ARM
		{1152F892-20B3-4B14-9DD2-EFAD382809AE}.Release|ARM.Build.0 = Release|ARM
		{1152F892-20B3-4B14-9DD2-EFAD382809AE}.Release|ARM.Deploy.0 = Release|ARM
		{1152F892-20B3-4B14-9DD2-EFAD382809AE}.Release|iPhone.ActiveCfg = Release|x86
		{1152F892-20B3-4B14-9DD2-EFAD382809AE}.Release|iPhoneSimulator.ActiveCfg = Release|x86
		{1152F892-20B3-4B14-9DD2-EFAD382809AE}.Release|x64.ActiveCfg = Release|x64
		{1152F892-20B3-4B14-9DD2-EFAD382809AE}.Release|x64.Build.0 = Release|x64
		{1152F892-20B3-4B14-9DD2-EFAD382809AE}.Release|x64.Deploy.0 = Release|x64
		{1152F892-20B3-4B14-9DD2-EFAD382809AE}.Release|x86.ActiveCfg = Release|x86
		{1152F892-20B3-4B14-9DD2-EFAD382809AE}.Release|x86.Build.0 = Release|x86
		{1152F892-20B3-4B14-9DD2-EFAD382809AE}.Release|x86.Deploy.0 = Release|x86
		{8E90F460-01E6-43CC-9DF9-4E876B1ECE97}.Ad-Hoc|Any CPU.ActiveCfg = Debug|Any CPU
		{8E90F460-01E6-43CC-9DF9-4E876B1ECE97}.Ad-Hoc|Any CPU.Build.0 = Debug|Any CPU
		{8E90F460-01E6-43CC-9DF9-4E876B1ECE97}.Ad-Hoc|ARM.ActiveCfg = Debug|Any CPU
		{8E90F460-01E6-43CC-9DF9-4E876B1ECE97}.Ad-Hoc|ARM.Build.0 = Debug|Any CPU
		{8E90F460-01E6-43CC-9DF9-4E876B1ECE97}.Ad-Hoc|iPhone.ActiveCfg = Debug|Any CPU
		{8E90F460-01E6-43CC-9DF9-4E876B1ECE97}.Ad-Hoc|iPhone.Build.0 = Debug|Any CPU
		{8E90F460-01E6-43CC-9DF9-4E876B1ECE97}.Ad-Hoc|iPhoneSimulator.ActiveCfg = Debug|Any CPU
		{8E90F460-01E6-43CC-9DF9-4E876B1ECE97}.Ad-Hoc|iPhoneSimulator.Build.0 = Debug|Any CPU
		{8E90F460-01E6-43CC-9DF9-4E876B1ECE97}.Ad-Hoc|x64.ActiveCfg = Debug|Any CPU
		{8E90F460-01E6-43CC-9DF9-4E876B1ECE97}.Ad-Hoc|x64.Build.0 = Debug|Any CPU
		{8E90F460-01E6-43CC-9DF9-4E876B1ECE97}.Ad-Hoc|x86.ActiveCfg = Debug|Any CPU
		{8E90F460-01E6-43CC-9DF9-4E876B1ECE97}.Ad-Hoc|x86.Build.0 = Debug|Any CPU
		{8E90F460-01E6-43CC-9DF9-4E876B1ECE97}.AppStore|Any CPU.ActiveCfg = Debug|Any CPU
		{8E90F460-01E6-43CC-9DF9-4E876B1ECE97}.AppStore|Any CPU.Build.0 = Debug|Any CPU
		{8E90F460-01E6-43CC-9DF9-4E876B1ECE97}.AppStore|ARM.ActiveCfg = Debug|Any CPU
		{8E90F460-01E6-43CC-9DF9-4E876B1ECE97}.AppStore|ARM.Build.0 = Debug|Any CPU
		{8E90F460-01E6-43CC-9DF9-4E876B1ECE97}.AppStore|iPhone.ActiveCfg = Debug|Any CPU
		{8E90F460-01E6-43CC-9DF9-4E876B1ECE97}.AppStore|iPhone.Build.0 = Debug|Any CPU
		{8E90F460-01E6-43CC-9DF9-4E876B1ECE97}.AppStore|iPhoneSimulator.ActiveCfg = Debug|Any CPU
		{8E90F460-01E6-43CC-9DF9-4E876B1ECE97}.AppStore|iPhoneSimulator.Build.0 = Debug|Any CPU
		{8E90F460-01E6-43CC-9DF9-4E876B1ECE97}.AppStore|x64.ActiveCfg = Debug|Any CPU
		{8E90F460-01E6-43CC-9DF9-4E876B1ECE97}.AppStore|x64.Build.0 = Debug|Any CPU
		{8E90F460-01E6-43CC-9DF9-4E876B1ECE97}.AppStore|x86.ActiveCfg = Debug|Any CPU
		{8E90F460-01E6-43CC-9DF9-4E876B1ECE97}.AppStore|x86.Build.0 = Debug|Any CPU
		{8E90F460-01E6-43CC-9DF9-4E876B1ECE97}.Debug|Any CPU.ActiveCfg = Debug|Any CPU
		{8E90F460-01E6-43CC-9DF9-4E876B1ECE97}.Debug|Any CPU.Build.0 = Debug|Any CPU
		{8E90F460-01E6-43CC-9DF9-4E876B1ECE97}.Debug|ARM.ActiveCfg = Debug|Any CPU
		{8E90F460-01E6-43CC-9DF9-4E876B1ECE97}.Debug|ARM.Build.0 = Debug|Any CPU
		{8E90F460-01E6-43CC-9DF9-4E876B1ECE97}.Debug|iPhone.ActiveCfg = Debug|Any CPU
		{8E90F460-01E6-43CC-9DF9-4E876B1ECE97}.Debug|iPhone.Build.0 = Debug|Any CPU
		{8E90F460-01E6-43CC-9DF9-4E876B1ECE97}.Debug|iPhoneSimulator.ActiveCfg = Debug|Any CPU
		{8E90F460-01E6-43CC-9DF9-4E876B1ECE97}.Debug|iPhoneSimulator.Build.0 = Debug|Any CPU
		{8E90F460-01E6-43CC-9DF9-4E876B1ECE97}.Debug|x64.ActiveCfg = Debug|Any CPU
		{8E90F460-01E6-43CC-9DF9-4E876B1ECE97}.Debug|x64.Build.0 = Debug|Any CPU
		{8E90F460-01E6-43CC-9DF9-4E876B1ECE97}.Debug|x86.ActiveCfg = Debug|Any CPU
		{8E90F460-01E6-43CC-9DF9-4E876B1ECE97}.Debug|x86.Build.0 = Debug|Any CPU
		{8E90F460-01E6-43CC-9DF9-4E876B1ECE97}.Release|Any CPU.ActiveCfg = Release|Any CPU
		{8E90F460-01E6-43CC-9DF9-4E876B1ECE97}.Release|Any CPU.Build.0 = Release|Any CPU
		{8E90F460-01E6-43CC-9DF9-4E876B1ECE97}.Release|ARM.ActiveCfg = Release|Any CPU
		{8E90F460-01E6-43CC-9DF9-4E876B1ECE97}.Release|ARM.Build.0 = Release|Any CPU
		{8E90F460-01E6-43CC-9DF9-4E876B1ECE97}.Release|iPhone.ActiveCfg = Release|Any CPU
		{8E90F460-01E6-43CC-9DF9-4E876B1ECE97}.Release|iPhone.Build.0 = Release|Any CPU
		{8E90F460-01E6-43CC-9DF9-4E876B1ECE97}.Release|iPhoneSimulator.ActiveCfg = Release|Any CPU
		{8E90F460-01E6-43CC-9DF9-4E876B1ECE97}.Release|iPhoneSimulator.Build.0 = Release|Any CPU
		{8E90F460-01E6-43CC-9DF9-4E876B1ECE97}.Release|x64.ActiveCfg = Release|Any CPU
		{8E90F460-01E6-43CC-9DF9-4E876B1ECE97}.Release|x64.Build.0 = Release|Any CPU
		{8E90F460-01E6-43CC-9DF9-4E876B1ECE97}.Release|x86.ActiveCfg = Release|Any CPU
		{8E90F460-01E6-43CC-9DF9-4E876B1ECE97}.Release|x86.Build.0 = Release|Any CPU
	EndGlobalSection
	GlobalSection(SolutionProperties) = preSolution
		HideSolutionNode = FALSE
	EndGlobalSection
	GlobalSection(ExtensibilityGlobals) = postSolution
		SolutionGuid = {6A7DE978-D6DD-40B8-929A-2C3D24CED811}
	EndGlobalSection
EndGlobal
